
Microsoft Visual Studio Solution File, Format Version 12.00
# Visual Studio Version 17
VisualStudioVersion = 17.11.35327.3
MinimumVisualStudioVersion = 10.0.40219.1
Project("{FAE04EC0-301F-11D3-BF4B-00C04F79EFBC}") = "listbox", "listbox.csproj", "{9750801E-F6E7-4EBB-B7A4-E33AEAA6C24D}"
EndProject
Global
	GlobalSection(SolutionConfigurationPlatforms) = preSolution
		Debug|Any CPU = Debug|Any CPU
		Release|Any CPU = Release|Any CPU
	EndGlobalSection
	GlobalSection(ProjectConfigurationPlatforms) = postSolution
		{9750801E-F6E7-4EBB-B7A4-E33AEAA6C24D}.Debug|Any CPU.ActiveCfg = Debug|Any CPU
		{9750801E-F6E7-4EBB-B7A4-E33AEAA6C24D}.Debug|Any CPU.Build.0 = Debug|Any CPU
		{9750801E-F6E7-4EBB-B7A4-E33AEAA6C24D}.Release|Any CPU.ActiveCfg = Release|Any CPU
		{9750801E-F6E7-4EBB-B7A4-E33AEAA6C24D}.Release|Any CPU.Build.0 = Release|Any CPU
	EndGlobalSection
	GlobalSection(SolutionProperties) = preSolution
		HideSolutionNode = FALSE
	EndGlobalSection
	GlobalSection(ExtensibilityGlobals) = postSolution
		SolutionGuid = {5067D8E9-8AB3-4588-8D9B-13E430116B51}
	EndGlobalSection
EndGlobal
